
Microsoft Visual Studio Solution File, Format Version 12.00
# Visual Studio Version 17
VisualStudioVersion = 17.3.32811.315
MinimumVisualStudioVersion = 10.0.40219.1
Project("{FAE04EC0-301F-11D3-BF4B-00C04F79EFBC}") = "Regla30", "Regla30.csproj", "{30515279-5006-4361-B7EE-1F007938E334}"
EndProject
Global
	GlobalSection(SolutionConfigurationPlatforms) = preSolution
		Debug|Any CPU = Debug|Any CPU
		Release|Any CPU = Release|Any CPU
	EndGlobalSection
	GlobalSection(ProjectConfigurationPlatforms) = postSolution
		{30515279-5006-4361-B7EE-1F007938E334}.Debug|Any CPU.ActiveCfg = Debug|Any CPU
		{30515279-5006-4361-B7EE-1F007938E334}.Debug|Any CPU.Build.0 = Debug|Any CPU
		{30515279-5006-4361-B7EE-1F007938E334}.Release|Any CPU.ActiveCfg = Release|Any CPU
		{30515279-5006-4361-B7EE-1F007938E334}.Release|Any CPU.Build.0 = Release|Any CPU
	EndGlobalSection
	GlobalSection(SolutionProperties) = preSolution
		HideSolutionNode = FALSE
	EndGlobalSection
	GlobalSection(ExtensibilityGlobals) = postSolution
		SolutionGuid = {92EE5166-8434-4DA5-BACB-CDA4C9A8F2FB}
	EndGlobalSection
EndGlobal
